// !$*UTF8*$!
{
	archiveVersion = 1;
	classes = {
	};
	objectVersion = 50;
	objects = {

/* Begin PBXBuildFile section */
		676DF0642650328B003F7565 /* LoadingIcon.swift in Sources */ = {isa = PBXBuildFile; fileRef = 676DF0632650328B003F7565 /* LoadingIcon.swift */; };
		67B090AE264A264400B54E41 /* CoinListApp.swift in Sources */ = {isa = PBXBuildFile; fileRef = 67B090AD264A264400B54E41 /* CoinListApp.swift */; };
		67B090B0264A264400B54E41 /* ContentView.swift in Sources */ = {isa = PBXBuildFile; fileRef = 67B090AF264A264400B54E41 /* ContentView.swift */; };
		67B090B2264A264500B54E41 /* Assets.xcassets in Resources */ = {isa = PBXBuildFile; fileRef = 67B090B1264A264500B54E41 /* Assets.xcassets */; };
		67B090B5264A264500B54E41 /* Preview Assets.xcassets in Resources */ = {isa = PBXBuildFile; fileRef = 67B090B4264A264500B54E41 /* Preview Assets.xcassets */; };
		67B090BD264A26BC00B54E41 /* Coins.json in Resources */ = {isa = PBXBuildFile; fileRef = 67B090BC264A26BC00B54E41 /* Coins.json */; };
		67B090BF264A299B00B54E41 /* Model.swift in Sources */ = {isa = PBXBuildFile; fileRef = 67B090BE264A299B00B54E41 /* Model.swift */; };
		67B090C1264A39C900B54E41 /* CoinListItem.swift in Sources */ = {isa = PBXBuildFile; fileRef = 67B090C0264A39C900B54E41 /* CoinListItem.swift */; };
/* End PBXBuildFile section */

/* Begin PBXFileReference section */
		676DF0632650328B003F7565 /* LoadingIcon.swift */ = {isa = PBXFileReference; lastKnownFileType = sourcecode.swift; path = LoadingIcon.swift; sourceTree = "<group>"; };
		67B090AA264A264400B54E41 /* CoinList.app */ = {isa = PBXFileReference; explicitFileType = wrapper.application; includeInIndex = 0; path = CoinList.app; sourceTree = BUILT_PRODUCTS_DIR; };
		67B090AD264A264400B54E41 /* CoinListApp.swift */ = {isa = PBXFileReference; lastKnownFileType = sourcecode.swift; path = CoinListApp.swift; sourceTree = "<group>"; };
		67B090AF264A264400B54E41 /* ContentView.swift */ = {isa = PBXFileReference; lastKnownFileType = sourcecode.swift; path = ContentView.swift; sourceTree = "<group>"; };
		67B090B1264A264500B54E41 /* Assets.xcassets */ = {isa = PBXFileReference; lastKnownFileType = folder.assetcatalog; path = Assets.xcassets; sourceTree = "<group>"; };
		67B090B4264A264500B54E41 /* Preview Assets.xcassets */ = {isa = PBXFileReference; lastKnownFileType = folder.assetcatalog; path = "Preview Assets.xcassets"; sourceTree = "<group>"; };
		67B090B6264A264500B54E41 /* Info.plist */ = {isa = PBXFileReference; lastKnownFileType = text.plist.xml; path = Info.plist; sourceTree = "<group>"; };
		67B090BC264A26BC00B54E41 /* Coins.json */ = {isa = PBXFileReference; lastKnownFileType = text.json; path = Coins.json; sourceTree = "<group>"; };
		67B090BE264A299B00B54E41 /* Model.swift */ = {isa = PBXFileReference; lastKnownFileType = sourcecode.swift; path = Model.swift; sourceTree = "<group>"; };
		67B090C0264A39C900B54E41 /* CoinListItem.swift */ = {isa = PBXFileReference; lastKnownFileType = sourcecode.swift; path = CoinListItem.swift; sourceTree = "<group>"; };
/* End PBXFileReference section */

/* Begin PBXFrameworksBuildPhase section */
		67B090A7264A264400B54E41 /* Frameworks */ = {
			isa = PBXFrameworksBuildPhase;
			buildActionMask = 2147483647;
			files = (
			);
			runOnlyForDeploymentPostprocessing = 0;
		};
/* End PBXFrameworksBuildPhase section */

/* Begin PBXGroup section */
		676DF06226503231003F7565 /* Views */ = {
			isa = PBXGroup;
			children = (
				67B090AF264A264400B54E41 /* ContentView.swift */,
				676DF0632650328B003F7565 /* LoadingIcon.swift */,
				67B090C0264A39C900B54E41 /* CoinListItem.swift */,
			);
			path = Views;
			sourceTree = "<group>";
		};
		67B090A1264A264400B54E41 = {
			isa = PBXGroup;
			children = (
				67B090AC264A264400B54E41 /* CoinList */,
				67B090AB264A264400B54E41 /* Products */,
			);
			sourceTree = "<group>";
		};
		67B090AB264A264400B54E41 /* Products */ = {
			isa = PBXGroup;
			children = (
				67B090AA264A264400B54E41 /* CoinList.app */,
			);
			name = Products;
			sourceTree = "<group>";
		};
		67B090AC264A264400B54E41 /* CoinList */ = {
			isa = PBXGroup;
			children = (
				67B090AD264A264400B54E41 /* CoinListApp.swift */,
				676DF06226503231003F7565 /* Views */,
				67B090BC264A26BC00B54E41 /* Coins.json */,
				67B090B1264A264500B54E41 /* Assets.xcassets */,
				67B090B6264A264500B54E41 /* Info.plist */,
				67B090B3264A264500B54E41 /* Preview Content */,
				67B090BE264A299B00B54E41 /* Model.swift */,
			);
			path = CoinList;
			sourceTree = "<group>";
		};
		67B090B3264A264500B54E41 /* Preview Content */ = {
			isa = PBXGroup;
			children = (
				67B090B4264A264500B54E41 /* Preview Assets.xcassets */,
			);
			path = "Preview Content";
			sourceTree = "<group>";
		};
/* End PBXGroup section */

/* Begin PBXNativeTarget section */
		67B090A9264A264400B54E41 /* CoinList */ = {
			isa = PBXNativeTarget;
			buildConfigurationList = 67B090B9264A264500B54E41 /* Build configuration list for PBXNativeTarget "CoinList" */;
			buildPhases = (
				67B090A6264A264400B54E41 /* Sources */,
				67B090A7264A264400B54E41 /* Frameworks */,
				67B090A8264A264400B54E41 /* Resources */,
			);
			buildRules = (
			);
			dependencies = (
			);
			name = CoinList;
			productName = CoinList;
			productReference = 67B090AA264A264400B54E41 /* CoinList.app */;
			productType = "com.apple.product-type.application";
		};
/* End PBXNativeTarget section */

/* Begin PBXProject section */
		67B090A2264A264400B54E41 /* Project object */ = {
			isa = PBXProject;
			attributes = {
				LastSwiftUpdateCheck = 1250;
				LastUpgradeCheck = 1250;
				TargetAttributes = {
					67B090A9264A264400B54E41 = {
						CreatedOnToolsVersion = 12.5;
					};
				};
			};
			buildConfigurationList = 67B090A5264A264400B54E41 /* Build configuration list for PBXProject "CoinList" */;
			compatibilityVersion = "Xcode 9.3";
			developmentRegion = en;
			hasScannedForEncodings = 0;
			knownRegions = (
				en,
				Base,
			);
			mainGroup = 67B090A1264A264400B54E41;
			productRefGroup = 67B090AB264A264400B54E41 /* Products */;
			projectDirPath = "";
			projectRoot = "";
			targets = (
				67B090A9264A264400B54E41 /* CoinList */,
			);
		};
/* End PBXProject section */

/* Begin PBXResourcesBuildPhase section */
		67B090A8264A264400B54E41 /* Resources */ = {
			isa = PBXResourcesBuildPhase;
			buildActionMask = 2147483647;
			files = (
				67B090B5264A264500B54E41 /* Preview Assets.xcassets in Resources */,
				67B090BD264A26BC00B54E41 /* Coins.json in Resources */,
				67B090B2264A264500B54E41 /* Assets.xcassets in Resources */,
			);
			runOnlyForDeploymentPostprocessing = 0;
		};
/* End PBXResourcesBuildPhase section */

/* Begin PBXSourcesBuildPhase section */
		67B090A6264A264400B54E41 /* Sources */ = {
			isa = PBXSourcesBuildPhase;
			buildActionMask = 2147483647;
			files = (
				67B090BF264A299B00B54E41 /* Model.swift in Sources */,
				67B090C1264A39C900B54E41 /* CoinListItem.swift in Sources */,
				67B090B0264A264400B54E41 /* ContentView.swift in Sources */,
				67B090AE264A264400B54E41 /* CoinListApp.swift in Sources */,
				676DF0642650328B003F7565 /* LoadingIcon.swift in Sources */,
			);
			runOnlyForDeploymentPostprocessing = 0;
		};
/* End PBXSourcesBuildPhase section */

/* Begin XCBuildConfiguration section */
		67B090B7264A264500B54E41 /* Debug */ = {
			isa = XCBuildConfiguration;
			buildSettings = {
				ALWAYS_SEARCH_USER_PATHS = NO;
				CLANG_ANALYZER_NONNULL = YES;
				CLANG_ANALYZER_NUMBER_OBJECT_CONVERSION = YES_AGGRESSIVE;
				CLANG_CXX_LANGUAGE_STANDARD = "gnu++14";
				CLANG_CXX_LIBRARY = "libc++";
				CLANG_ENABLE_MODULES = YES;
				CLANG_ENABLE_OBJC_ARC = YES;
				CLANG_ENABLE_OBJC_WEAK = YES;
				CLANG_WARN_BLOCK_CAPTURE_AUTORELEASING = YES;
				CLANG_WARN_BOOL_CONVERSION = YES;
				CLANG_WARN_COMMA = YES;
				CLANG_WARN_CONSTANT_CONVERSION = YES;
				CLANG_WARN_DEPRECATED_OBJC_IMPLEMENTATIONS = YES;
				CLANG_WARN_DIRECT_OBJC_ISA_USAGE = YES_ERROR;
				CLANG_WARN_DOCUMENTATION_COMMENTS = YES;
				CLANG_WARN_EMPTY_BODY = YES;
				CLANG_WARN_ENUM_CONVERSION = YES;
				CLANG_WARN_INFINITE_RECURSION = YES;
				CLANG_WARN_INT_CONVERSION = YES;
				CLANG_WARN_NON_LITERAL_NULL_CONVERSION = YES;
				CLANG_WARN_OBJC_IMPLICIT_RETAIN_SELF = YES;
				CLANG_WARN_OBJC_LITERAL_CONVERSION = YES;
				CLANG_WARN_OBJC_ROOT_CLASS = YES_ERROR;
				CLANG_WARN_QUOTED_INCLUDE_IN_FRAMEWORK_HEADER = YES;
				CLANG_WARN_RANGE_LOOP_ANALYSIS = YES;
				CLANG_WARN_STRICT_PROTOTYPES = YES;
				CLANG_WARN_SUSPICIOUS_MOVE = YES;
				CLANG_WARN_UNGUARDED_AVAILABILITY = YES_AGGRESSIVE;
				CLANG_WARN_UNREACHABLE_CODE = YES;
				CLANG_WARN__DUPLICATE_METHOD_MATCH = YES;
				COPY_PHASE_STRIP = NO;
				DEBUG_INFORMATION_FORMAT = dwarf;
				ENABLE_STRICT_OBJC_MSGSEND = YES;
				ENABLE_TESTABILITY = YES;
				GCC_C_LANGUAGE_STANDARD = gnu11;
				GCC_DYNAMIC_NO_PIC = NO;
				GCC_NO_COMMON_BLOCKS = YES;
				GCC_OPTIMIZATION_LEVEL = 0;
				GCC_PREPROCESSOR_DEFINITIONS = (
					"DEBUG=1",
					"$(inherited)",
				);
				GCC_WARN_64_TO_32_BIT_CONVERSION = YES;
				GCC_WARN_ABOUT_RETURN_TYPE = YES_ERROR;
				GCC_WARN_UNDECLARED_SELECTOR = YES;
				GCC_WARN_UNINITIALIZED_AUTOS = YES_AGGRESSIVE;
				GCC_WARN_UNUSED_FUNCTION = YES;
				GCC_WARN_UNUSED_VARIABLE = YES;
				IPHONEOS_DEPLOYMENT_TARGET = 14.5;
				MTL_ENABLE_DEBUG_INFO = INCLUDE_SOURCE;
				MTL_FAST_MATH = YES;
				ONLY_ACTIVE_ARCH = YES;
				SDKROOT = iphoneos;
				SWIFT_ACTIVE_COMPILATION_CONDITIONS = DEBUG;
				SWIFT_OPTIMIZATION_LEVEL = "-Onone";
			};
			name = Debug;
		};
		67B090B8264A264500B54E41 /* Release */ = {
			isa = XCBuildConfiguration;
			buildSettings = {
				ALWAYS_SEARCH_USER_PATHS = NO;
				CLANG_ANALYZER_NONNULL = YES;
				CLANG_ANALYZER_NUMBER_OBJECT_CONVERSION = YES_AGGRESSIVE;
				CLANG_CXX_LANGUAGE_STANDARD = "gnu++14";
				CLANG_CXX_LIBRARY = "libc++";
				CLANG_ENABLE_MODULES = YES;
				CLANG_ENABLE_OBJC_ARC = YES;
				CLANG_ENABLE_OBJC_WEAK = YES;
				CLANG_WARN_BLOCK_CAPTURE_AUTORELEASING = YES;
				CLANG_WARN_BOOL_CONVERSION = YES;
				CLANG_WARN_COMMA = YES;
				CLANG_WARN_CONSTANT_CONVERSION = YES;
				CLANG_WARN_DEPRECATED_OBJC_IMPLEMENTATIONS = YES;
				CLANG_WARN_DIRECT_OBJC_ISA_USAGE = YES_ERROR;
				CLANG_WARN_DOCUMENTATION_COMMENTS = YES;
				CLANG_WARN_EMPTY_BODY = YES;
				CLANG_WARN_ENUM_CONVERSION = YES;
				CLANG_WARN_INFINITE_RECURSION = YES;
				CLANG_WARN_INT_CONVERSION = YES;
				CLANG_WARN_NON_LITERAL_NULL_CONVERSION = YES;
				CLANG_WARN_OBJC_IMPLICIT_RETAIN_SELF = YES;
				CLANG_WARN_OBJC_LITERAL_CONVERSION = YES;
				CLANG_WARN_OBJC_ROOT_CLASS = YES_ERROR;
				CLANG_WARN_QUOTED_INCLUDE_IN_FRAMEWORK_HEADER = YES;
				CLANG_WARN_RANGE_LOOP_ANALYSIS = YES;
				CLANG_WARN_STRICT_PROTOTYPES = YES;
				CLANG_WARN_SUSPICIOUS_MOVE = YES;
				CLANG_WARN_UNGUARDED_AVAILABILITY = YES_AGGRESSIVE;
				CLANG_WARN_UNREACHABLE_CODE = YES;
				CLANG_WARN__DUPLICATE_METHOD_MATCH = YES;
				COPY_PHASE_STRIP = NO;
				DEBUG_INFORMATION_FORMAT = "dwarf-with-dsym";
				ENABLE_NS_ASSERTIONS = NO;
				ENABLE_STRICT_OBJC_MSGSEND = YES;
				GCC_C_LANGUAGE_STANDARD = gnu11;
				GCC_NO_COMMON_BLOCKS = YES;
				GCC_WARN_64_TO_32_BIT_CONVERSION = YES;
				GCC_WARN_ABOUT_RETURN_TYPE = YES_ERROR;
				GCC_WARN_UNDECLARED_SELECTOR = YES;
				GCC_WARN_UNINITIALIZED_AUTOS = YES_AGGRESSIVE;
				GCC_WARN_UNUSED_FUNCTION = YES;
				GCC_WARN_UNUSED_VARIABLE = YES;
				IPHONEOS_DEPLOYMENT_TARGET = 14.5;
				MTL_ENABLE_DEBUG_INFO = NO;
				MTL_FAST_MATH = YES;
				SDKROOT = iphoneos;
				SWIFT_COMPILATION_MODE = wholemodule;
				SWIFT_OPTIMIZATION_LEVEL = "-O";
				VALIDATE_PRODUCT = YES;
			};
			name = Release;
		};
		67B090BA264A264500B54E41 /* Debug */ = {
			isa = XCBuildConfiguration;
			buildSettings = {
				ASSETCATALOG_COMPILER_APPICON_NAME = AppIcon;
				ASSETCATALOG_COMPILER_GLOBAL_ACCENT_COLOR_NAME = AccentColor;
				CODE_SIGN_STYLE = Automatic;
				DEVELOPMENT_ASSET_PATHS = "\"CoinList/Preview Content\"";
				DEVELOPMENT_TEAM = N9R8DH42UP;
				ENABLE_PREVIEWS = YES;
				INFOPLIST_FILE = CoinList/Info.plist;
				IPHONEOS_DEPLOYMENT_TARGET = 14.0;
				LD_RUNPATH_SEARCH_PATHS = (
					"$(inherited)",
					"@executable_path/Frameworks",
				);
				PRODUCT_BUNDLE_IDENTIFIER = terencepettit.CoinList;
				PRODUCT_NAME = "$(TARGET_NAME)";
				SWIFT_VERSION = 5.0;
				TARGETED_DEVICE_FAMILY = "1,2";
			};
			name = Debug;
		};
		67B090BB264A264500B54E41 /* Release */ = {
			isa = XCBuildConfiguration;
			buildSettings = {
				ASSETCATALOG_COMPILER_APPICON_NAME = AppIcon;
				ASSETCATALOG_COMPILER_GLOBAL_ACCENT_COLOR_NAME = AccentColor;
				CODE_SIGN_STYLE = Automatic;
				DEVELOPMENT_ASSET_PATHS = "\"CoinList/Preview Content\"";
				DEVELOPMENT_TEAM = N9R8DH42UP;
				ENABLE_PREVIEWS = YES;
				INFOPLIST_FILE = CoinList/Info.plist;
				IPHONEOS_DEPLOYMENT_TARGET = 14.0;
				LD_RUNPATH_SEARCH_PATHS = (
					"$(inherited)",
					"@executable_path/Frameworks",
				);
				PRODUCT_BUNDLE_IDENTIFIER = terencepettit.CoinList;
				PRODUCT_NAME = "$(TARGET_NAME)";
				SWIFT_VERSION = 5.0;
				TARGETED_DEVICE_FAMILY = "1,2";
			};
			name = Release;
		};
/* End XCBuildConfiguration section */

/* Begin XCConfigurationList section */
		67B090A5264A264400B54E41 /* Build configuration list for PBXProject "CoinList" */ = {
			isa = XCConfigurationList;
			buildConfigurations = (
				67B090B7264A264500B54E41 /* Debug */,
				67B090B8264A264500B54E41 /* Release */,
			);
			defaultConfigurationIsVisible = 0;
			defaultConfigurationName = Release;
		};
		67B090B9264A264500B54E41 /* Build configuration list for PBXNativeTarget "CoinList" */ = {
			isa = XCConfigurationList;
			buildConfigurations = (
				67B090BA264A264500B54E41 /* Debug */,
				67B090BB264A264500B54E41 /* Release */,
			);
			defaultConfigurationIsVisible = 0;
			defaultConfigurationName = Release;
		};
/* End XCConfigurationList section */
	};
	rootObject = 67B090A2264A264400B54E41 /* Project object */;
}
